
Microsoft Visual Studio Solution File, Format Version 12.00
# Visual Studio Version 17
VisualStudioVersion = 17.14.36401.2 d17.14
MinimumVisualStudioVersion = 10.0.40219.1
Project("{FAE04EC0-301F-11D3-BF4B-00C04F79EFBC}") = "OpenMeteo", "OpenMeteo.csproj", "{FFB6FA7E-A3E2-49DA-A85A-F80BABB56E94}"
EndProject
Global
	GlobalSection(SolutionConfigurationPlatforms) = preSolution
		Debug|Any CPU = Debug|Any CPU
		Release|Any CPU = Release|Any CPU
	EndGlobalSection
	GlobalSection(ProjectConfigurationPlatforms) = postSolution
		{FFB6FA7E-A3E2-49DA-A85A-F80BABB56E94}.Debug|Any CPU.ActiveCfg = Debug|Any CPU
		{FFB6FA7E-A3E2-49DA-A85A-F80BABB56E94}.Debug|Any CPU.Build.0 = Debug|Any CPU
		{FFB6FA7E-A3E2-49DA-A85A-F80BABB56E94}.Release|Any CPU.ActiveCfg = Release|Any CPU
		{FFB6FA7E-A3E2-49DA-A85A-F80BABB56E94}.Release|Any CPU.Build.0 = Release|Any CPU
	EndGlobalSection
	GlobalSection(SolutionProperties) = preSolution
		HideSolutionNode = FALSE
	EndGlobalSection
	GlobalSection(ExtensibilityGlobals) = postSolution
		SolutionGuid = {FF148379-AC31-455A-96EE-548E751CCD21}
	EndGlobalSection
EndGlobal
